{
  "name": "falkensmage-website",
  "version": "1.0.0",
  "lockfileVersion": 3,
  "requires": true,
  "packages": {
    "": {
      "name": "falkensmage-website",
      "version": "1.0.0",
      "license": "ISC",
      "dependencies": {
        "@fontsource-variable/cinzel": "^5.2.8",
        "@fontsource-variable/space-grotesk": "^5.2.10"
      }
    },
    "node_modules/@fontsource-variable/cinzel": {
      "version": "5.2.8",
      "resolved": "https://registry.npmjs.org/@fontsource-variable/cinzel/-/cinzel-5.2.8.tgz",
      "integrity": "sha512-62ddfR79tYNWxIZJPlyFGBusbnONbPL6d163mT/jZOGV4vV8so6Z3buRM5epqtiA6qcVVeF8OZijJJGeLABGJg==",
      "license": "OFL-1.1",
      "funding": {
        "url": "https://github.com/sponsors/ayuhito"
      }
    },
    "node_modules/@fontsource-variable/space-grotesk": {
      "version": "5.2.10",
      "resolved": "https://registry.npmjs.org/@fontsource-variable/space-grotesk/-/space-grotesk-5.2.10.tgz",
      "integrity": "sha512-yJQO/o35/hAP3CFnpdFTwQku2yzJOae2HIpBmqkOVoxhhXJaQP3g+b6Jrz7u+eI7A5ZdCIf88uMWpBJdFiGr5w==",
      "license": "OFL-1.1",
      "funding": {
        "url": "https://github.com/sponsors/ayuhito"
      }
    }
  }
}
